{
	"name": "@hdml/schema",
	"version": "0.0.0-alpha.1",
	"lockfileVersion": 2,
	"requires": true,
	"packages": {
		"": {
			"name": "@hdml/schema",
			"version": "0.0.0-alpha.1",
			"license": "Apache-2.0",
			"dependencies": {
				"flatbuffers": "^23.1.21",
				"uuid": "^9.0.0"
			}
		},
		"node_modules/flatbuffers": {
			"version": "23.1.21",
			"resolved": "https://registry.npmjs.org/flatbuffers/-/flatbuffers-23.1.21.tgz",
			"integrity": "sha512-7ztssjhUCQKCd7MwQNlQDwNam8iL4reBAMHglf024amlVRn/aIo7B8+ee/igKxxK5B7Wp4nWe4sTYg8lpK2CAQ=="
		},
		"node_modules/uuid": {
			"version": "9.0.0",
			"resolved": "https://registry.npmjs.org/uuid/-/uuid-9.0.0.tgz",
			"integrity": "sha512-MXcSTerfPa4uqyzStbRoTgt5XIe3x5+42+q1sDuy3R5MDk66URdLMOZe5aPX/SQd+kuYAh0FdP/pO28IkQyTeg==",
			"bin": {
				"uuid": "dist/bin/uuid"
			}
		}
	},
	"dependencies": {
		"flatbuffers": {
			"version": "23.1.21",
			"resolved": "https://registry.npmjs.org/flatbuffers/-/flatbuffers-23.1.21.tgz",
			"integrity": "sha512-7ztssjhUCQKCd7MwQNlQDwNam8iL4reBAMHglf024amlVRn/aIo7B8+ee/igKxxK5B7Wp4nWe4sTYg8lpK2CAQ=="
		},
		"uuid": {
			"version": "9.0.0",
			"resolved": "https://registry.npmjs.org/uuid/-/uuid-9.0.0.tgz",
			"integrity": "sha512-MXcSTerfPa4uqyzStbRoTgt5XIe3x5+42+q1sDuy3R5MDk66URdLMOZe5aPX/SQd+kuYAh0FdP/pO28IkQyTeg=="
		}
	}
}
