{
  "name": "@hdml/schema",
  "version": "0.0.0-alpha.2",
  "lockfileVersion": 2,
  "requires": true,
  "packages": {
    "": {
      "name": "@hdml/schema",
      "version": "0.0.0-alpha.2",
      "license": "Apache-2.0",
      "dependencies": {
        "flatbuffers": "^23.1.21"
      }
    },
    "node_modules/flatbuffers": {
      "version": "23.1.21",
      "resolved": "https://registry.npmjs.org/flatbuffers/-/flatbuffers-23.1.21.tgz",
      "integrity": "sha512-7ztssjhUCQKCd7MwQNlQDwNam8iL4reBAMHglf024amlVRn/aIo7B8+ee/igKxxK5B7Wp4nWe4sTYg8lpK2CAQ=="
    }
  },
  "dependencies": {
    "flatbuffers": {
      "version": "23.1.21",
      "resolved": "https://registry.npmjs.org/flatbuffers/-/flatbuffers-23.1.21.tgz",
      "integrity": "sha512-7ztssjhUCQKCd7MwQNlQDwNam8iL4reBAMHglf024amlVRn/aIo7B8+ee/igKxxK5B7Wp4nWe4sTYg8lpK2CAQ=="
    }
  }
}
