{
  "name": "@hdml/widgets",
  "version": "0.0.0-alpha.12",
  "lockfileVersion": 3,
  "requires": true,
  "packages": {
    "": {
      "name": "@hdml/widgets",
      "version": "0.0.0-alpha.12",
      "license": "Apache-2.0",
      "dependencies": {
        "@types/cytoscape": "^3.19.10",
        "@types/cytoscape-cxtmenu": "^3.4.0",
        "cytoscape": "^3.25.0",
        "cytoscape-cxtmenu": "^3.5.0"
      }
    },
    "node_modules/@types/cytoscape": {
      "version": "3.19.10",
      "resolved": "https://registry.npmjs.org/@types/cytoscape/-/cytoscape-3.19.10.tgz",
      "integrity": "sha512-PLsKQcsUd05nz4PYyulIhjkLnlq9oD2WYpswrWOjoqtFZEuuBje0f9fi2zTG5/yfTf5+Gpllf/MPcFmfDzZ24w=="
    },
    "node_modules/@types/cytoscape-cxtmenu": {
      "version": "3.4.0",
      "resolved": "https://registry.npmjs.org/@types/cytoscape-cxtmenu/-/cytoscape-cxtmenu-3.4.0.tgz",
      "integrity": "sha512-XDPV1cEr/kUJweLcI3TkXqRZ6mTOF3YtEXtpiuMwrEOaccdHP9E8/xEup0ksZsxBRVg16xzAJbmJttSY7Cnyzg==",
      "dependencies": {
        "@types/cytoscape": "*"
      }
    },
    "node_modules/cytoscape": {
      "version": "3.25.0",
      "resolved": "https://registry.npmjs.org/cytoscape/-/cytoscape-3.25.0.tgz",
      "integrity": "sha512-7MW3Iz57mCUo6JQCho6CmPBCbTlJr7LzyEtIkutG255HLVd4XuBg2I9BkTZLI/e4HoaOB/BiAzXuQybQ95+r9Q==",
      "dependencies": {
        "heap": "^0.2.6",
        "lodash": "^4.17.21"
      },
      "engines": {
        "node": ">=0.10"
      }
    },
    "node_modules/cytoscape-cxtmenu": {
      "version": "3.5.0",
      "resolved": "https://registry.npmjs.org/cytoscape-cxtmenu/-/cytoscape-cxtmenu-3.5.0.tgz",
      "integrity": "sha512-CoqgKAxvQhmHO5fEgJdBqqR2VjwK1dNkxehc2i0MUMqY0araA13z3oP/9KkprHp9Td++KlVBz6JnncNAD76T0Q==",
      "peerDependencies": {
        "cytoscape": "^3.2.0"
      }
    },
    "node_modules/heap": {
      "version": "0.2.7",
      "resolved": "https://registry.npmjs.org/heap/-/heap-0.2.7.tgz",
      "integrity": "sha512-2bsegYkkHO+h/9MGbn6KWcE45cHZgPANo5LXF7EvWdT0yT2EguSVO1nDgU5c8+ZOPwp2vMNa7YFsJhVcDR9Sdg=="
    },
    "node_modules/lodash": {
      "version": "4.17.21",
      "resolved": "https://registry.npmjs.org/lodash/-/lodash-4.17.21.tgz",
      "integrity": "sha512-v2kDEe57lecTulaDIuNTPy3Ry4gLGJ6Z1O3vE1krgXZNrsQ+LFTGHVxVjcXPs17LhbZVGedAJv8XZ1tvj5FvSg=="
    }
  }
}
