{
  "name": "@hdml/orchestrator",
  "version": "0.0.0-alpha.2",
  "lockfileVersion": 3,
  "requires": true,
  "packages": {
    "": {
      "name": "@hdml/orchestrator",
      "version": "0.0.0-alpha.2",
      "license": "Apache-2.0",
      "dependencies": {
        "@hdml/schema": "^0.0.0-alpha.2"
      }
    },
    "../schema": {
      "name": "@hdml/schema",
      "version": "0.0.0-alpha.1",
      "license": "Apache-2.0",
      "dependencies": {
        "flatbuffers": "^23.1.21"
      }
    },
    "../schema/node_modules/flatbuffers": {
      "version": "23.1.21",
      "license": "SEE LICENSE IN LICENSE.txt"
    },
    "node_modules/@hdml/schema": {
      "resolved": "../schema",
      "link": true
    }
  }
}
